// !$*UTF8*$!
{
	archiveVersion = 1;
	classes = {
	};
	objectVersion = 51;
	objects = {

/* Begin PBXBuildFile section */
		1D9DB9FA7999D74EFF1010E9 /* Pods_Jeopardy__The_Complete_SagaTests.framework in Frameworks */ = {isa = PBXBuildFile; fileRef = EBDBBF0261A3F3BFD862C525 /* Pods_Jeopardy__The_Complete_SagaTests.framework */; };
		29BC23411770FAFFB8D6D828 /* Pods_Jeopardy__The_Complete_Saga.framework in Frameworks */ = {isa = PBXBuildFile; fileRef = D93B309E5AFD910362C5B867 /* Pods_Jeopardy__The_Complete_Saga.framework */; };
		9474040CF9E660278B9DC7FB /* Pods_Jeopardy__The_Complete_Saga_Jeopardy__The_Complete_SagaUITests.framework in Frameworks */ = {isa = PBXBuildFile; fileRef = 17BCB05F6C692BE56ED33973 /* Pods_Jeopardy__The_Complete_Saga_Jeopardy__The_Complete_SagaUITests.framework */; };
		F010ED7C2565C0A900A74DAC /* FirestoreWrapper.swift in Sources */ = {isa = PBXBuildFile; fileRef = F010ED7B2565C0A900A74DAC /* FirestoreWrapper.swift */; };
		F04531B72563DD0700BB9F17 /* gyparody hv.ttf in Resources */ = {isa = PBXBuildFile; fileRef = F04531B52563DD0700BB9F17 /* gyparody hv.ttf */; };
		F04531B82563DD0700BB9F17 /* gyparody rg.ttf in Resources */ = {isa = PBXBuildFile; fileRef = F04531B62563DD0700BB9F17 /* gyparody rg.ttf */; };
		F04531C42563EE8E00BB9F17 /* Korinna-Bold.otf in Resources */ = {isa = PBXBuildFile; fileRef = F04531C22563EE8E00BB9F17 /* Korinna-Bold.otf */; };
		F04531C52563EE8E00BB9F17 /* Korinna-Regular.otf in Resources */ = {isa = PBXBuildFile; fileRef = F04531C32563EE8E00BB9F17 /* Korinna-Regular.otf */; };
		F04531CD2563EEBC00BB9F17 /* Swiss 911 Ultra Compressed.ttf in Resources */ = {isa = PBXBuildFile; fileRef = F04531CA2563EEBC00BB9F17 /* Swiss 911 Ultra Compressed.ttf */; };
		F04531CE2563EEBC00BB9F17 /* Swiss 911 Compressed.ttf in Resources */ = {isa = PBXBuildFile; fileRef = F04531CB2563EEBC00BB9F17 /* Swiss 911 Compressed.ttf */; };
		F04531CF2563EEBC00BB9F17 /* Swiss 911 Extra Compressed.ttf in Resources */ = {isa = PBXBuildFile; fileRef = F04531CC2563EEBC00BB9F17 /* Swiss 911 Extra Compressed.ttf */; };
		F04F186E2564D01500F9C6CE /* TriviaGauntletStartPageViewController.swift in Sources */ = {isa = PBXBuildFile; fileRef = F04F186D2564D01500F9C6CE /* TriviaGauntletStartPageViewController.swift */; };
		F05656112567408000DE26E0 /* AnswerPageViewController.swift in Sources */ = {isa = PBXBuildFile; fileRef = F05656102567408000DE26E0 /* AnswerPageViewController.swift */; };
		F05656162567681800DE26E0 /* TriviaGauntletGame.swift in Sources */ = {isa = PBXBuildFile; fileRef = F05656152567681800DE26E0 /* TriviaGauntletGame.swift */; };
		F05656242567AF6600DE26E0 /* ResultsPageViewController.swift in Sources */ = {isa = PBXBuildFile; fileRef = F05656232567AF6600DE26E0 /* ResultsPageViewController.swift */; };
		F0898FF02565363E00593C45 /* Clue.swift in Sources */ = {isa = PBXBuildFile; fileRef = F0898FEF2565363E00593C45 /* Clue.swift */; };
		F0898FF52565AB7900593C45 /* GoogleService-Info.plist in Resources */ = {isa = PBXBuildFile; fileRef = F0898FF42565AB7900593C45 /* GoogleService-Info.plist */; };
		F0898FF62565AB7900593C45 /* GoogleService-Info.plist in Resources */ = {isa = PBXBuildFile; fileRef = F0898FF42565AB7900593C45 /* GoogleService-Info.plist */; };
		F0898FF72565AB7900593C45 /* GoogleService-Info.plist in Resources */ = {isa = PBXBuildFile; fileRef = F0898FF42565AB7900593C45 /* GoogleService-Info.plist */; };
		F0A038302564848B00B9EC05 /* QuestionPageViewController.swift in Sources */ = {isa = PBXBuildFile; fileRef = F0A0382F2564848B00B9EC05 /* QuestionPageViewController.swift */; };
		F0A038352564A3C000B9EC05 /* ViewControllerUtility.swift in Sources */ = {isa = PBXBuildFile; fileRef = F0A038342564A3C000B9EC05 /* ViewControllerUtility.swift */; };
		F0B9BC1F2565C90600581170 /* Counter.swift in Sources */ = {isa = PBXBuildFile; fileRef = F0B9BC1E2565C90600581170 /* Counter.swift */; };
		F0CD94AB256675D900394412 /* ModelUtility.swift in Sources */ = {isa = PBXBuildFile; fileRef = F0CD94AA256675D900394412 /* ModelUtility.swift */; };
		F0CD94B025667E8600394412 /* TriviaGauntletSettings.swift in Sources */ = {isa = PBXBuildFile; fileRef = F0CD94AF25667E8600394412 /* TriviaGauntletSettings.swift */; };
		F0CD94B52566A26100394412 /* Category.swift in Sources */ = {isa = PBXBuildFile; fileRef = F0CD94B42566A26100394412 /* Category.swift */; };
		F0CDE04C2563C28B00D4170A /* AppDelegate.swift in Sources */ = {isa = PBXBuildFile; fileRef = F0CDE04B2563C28B00D4170A /* AppDelegate.swift */; };
		F0CDE04E2563C28B00D4170A /* SceneDelegate.swift in Sources */ = {isa = PBXBuildFile; fileRef = F0CDE04D2563C28B00D4170A /* SceneDelegate.swift */; };
		F0CDE0502563C28B00D4170A /* HomePageViewController.swift in Sources */ = {isa = PBXBuildFile; fileRef = F0CDE04F2563C28B00D4170A /* HomePageViewController.swift */; };
		F0CDE0532563C28B00D4170A /* Main.storyboard in Resources */ = {isa = PBXBuildFile; fileRef = F0CDE0512563C28B00D4170A /* Main.storyboard */; };
		F0CDE0552563C28E00D4170A /* Assets.xcassets in Resources */ = {isa = PBXBuildFile; fileRef = F0CDE0542563C28E00D4170A /* Assets.xcassets */; };
		F0CDE0582563C28E00D4170A /* LaunchScreen.storyboard in Resources */ = {isa = PBXBuildFile; fileRef = F0CDE0562563C28E00D4170A /* LaunchScreen.storyboard */; };
		F0CDE0632563C28E00D4170A /* Jeopardy__The_Complete_SagaTests.swift in Sources */ = {isa = PBXBuildFile; fileRef = F0CDE0622563C28E00D4170A /* Jeopardy__The_Complete_SagaTests.swift */; };
		F0CDE06E2563C28E00D4170A /* Jeopardy__The_Complete_SagaUITests.swift in Sources */ = {isa = PBXBuildFile; fileRef = F0CDE06D2563C28E00D4170A /* Jeopardy__The_Complete_SagaUITests.swift */; };
/* End PBXBuildFile section */

/* Begin PBXContainerItemProxy section */
		F0CDE05F2563C28E00D4170A /* PBXContainerItemProxy */ = {
			isa = PBXContainerItemProxy;
			containerPortal = F0CDE0402563C28B00D4170A /* Project object */;
			proxyType = 1;
			remoteGlobalIDString = F0CDE0472563C28B00D4170A;
			remoteInfo = "Jeopardy! The Complete Saga";
		};
		F0CDE06A2563C28E00D4170A /* PBXContainerItemProxy */ = {
			isa = PBXContainerItemProxy;
			containerPortal = F0CDE0402563C28B00D4170A /* Project object */;
			proxyType = 1;
			remoteGlobalIDString = F0CDE0472563C28B00D4170A;
			remoteInfo = "Jeopardy! The Complete Saga";
		};
/* End PBXContainerItemProxy section */

/* Begin PBXFileReference section */
		03A25EE1ACC4E5152C200EA8 /* Pods-Jeopardy! The Complete SagaTests.debug.xcconfig */ = {isa = PBXFileReference; includeInIndex = 1; lastKnownFileType = text.xcconfig; name = "Pods-Jeopardy! The Complete SagaTests.debug.xcconfig"; path = "Target Support Files/Pods-Jeopardy! The Complete SagaTests/Pods-Jeopardy! The Complete SagaTests.debug.xcconfig"; sourceTree = "<group>"; };
		17BCB05F6C692BE56ED33973 /* Pods_Jeopardy__The_Complete_Saga_Jeopardy__The_Complete_SagaUITests.framework */ = {isa = PBXFileReference; explicitFileType = wrapper.framework; includeInIndex = 0; path = Pods_Jeopardy__The_Complete_Saga_Jeopardy__The_Complete_SagaUITests.framework; sourceTree = BUILT_PRODUCTS_DIR; };
		3F41E9976D3993739CB11F1B /* Pods-Jeopardy! The Complete Saga.release.xcconfig */ = {isa = PBXFileReference; includeInIndex = 1; lastKnownFileType = text.xcconfig; name = "Pods-Jeopardy! The Complete Saga.release.xcconfig"; path = "Target Support Files/Pods-Jeopardy! The Complete Saga/Pods-Jeopardy! The Complete Saga.release.xcconfig"; sourceTree = "<group>"; };
		445FF39A8ACC11C9520AFCC2 /* Pods-Jeopardy! The Complete Saga-Jeopardy! The Complete SagaUITests.debug.xcconfig */ = {isa = PBXFileReference; includeInIndex = 1; lastKnownFileType = text.xcconfig; name = "Pods-Jeopardy! The Complete Saga-Jeopardy! The Complete SagaUITests.debug.xcconfig"; path = "Target Support Files/Pods-Jeopardy! The Complete Saga-Jeopardy! The Complete SagaUITests/Pods-Jeopardy! The Complete Saga-Jeopardy! The Complete SagaUITests.debug.xcconfig"; sourceTree = "<group>"; };
		C43F8B0989DC14664BF15CA7 /* Pods-Jeopardy! The Complete SagaTests.release.xcconfig */ = {isa = PBXFileReference; includeInIndex = 1; lastKnownFileType = text.xcconfig; name = "Pods-Jeopardy! The Complete SagaTests.release.xcconfig"; path = "Target Support Files/Pods-Jeopardy! The Complete SagaTests/Pods-Jeopardy! The Complete SagaTests.release.xcconfig"; sourceTree = "<group>"; };
		D93B309E5AFD910362C5B867 /* Pods_Jeopardy__The_Complete_Saga.framework */ = {isa = PBXFileReference; explicitFileType = wrapper.framework; includeInIndex = 0; path = Pods_Jeopardy__The_Complete_Saga.framework; sourceTree = BUILT_PRODUCTS_DIR; };
		E1CA1FCE8B286E083FE29EAB /* Pods-Jeopardy! The Complete Saga.debug.xcconfig */ = {isa = PBXFileReference; includeInIndex = 1; lastKnownFileType = text.xcconfig; name = "Pods-Jeopardy! The Complete Saga.debug.xcconfig"; path = "Target Support Files/Pods-Jeopardy! The Complete Saga/Pods-Jeopardy! The Complete Saga.debug.xcconfig"; sourceTree = "<group>"; };
		EBDBBF0261A3F3BFD862C525 /* Pods_Jeopardy__The_Complete_SagaTests.framework */ = {isa = PBXFileReference; explicitFileType = wrapper.framework; includeInIndex = 0; path = Pods_Jeopardy__The_Complete_SagaTests.framework; sourceTree = BUILT_PRODUCTS_DIR; };
		F010ED7B2565C0A900A74DAC /* FirestoreWrapper.swift */ = {isa = PBXFileReference; lastKnownFileType = sourcecode.swift; path = FirestoreWrapper.swift; sourceTree = "<group>"; };
		F04531B52563DD0700BB9F17 /* gyparody hv.ttf */ = {isa = PBXFileReference; lastKnownFileType = file; path = "gyparody hv.ttf"; sourceTree = "<group>"; };
		F04531B62563DD0700BB9F17 /* gyparody rg.ttf */ = {isa = PBXFileReference; lastKnownFileType = file; path = "gyparody rg.ttf"; sourceTree = "<group>"; };
		F04531C22563EE8E00BB9F17 /* Korinna-Bold.otf */ = {isa = PBXFileReference; lastKnownFileType = file; path = "Korinna-Bold.otf"; sourceTree = "<group>"; };
		F04531C32563EE8E00BB9F17 /* Korinna-Regular.otf */ = {isa = PBXFileReference; lastKnownFileType = file; path = "Korinna-Regular.otf"; sourceTree = "<group>"; };
		F04531CA2563EEBC00BB9F17 /* Swiss 911 Ultra Compressed.ttf */ = {isa = PBXFileReference; lastKnownFileType = file; path = "Swiss 911 Ultra Compressed.ttf"; sourceTree = "<group>"; };
		F04531CB2563EEBC00BB9F17 /* Swiss 911 Compressed.ttf */ = {isa = PBXFileReference; lastKnownFileType = file; path = "Swiss 911 Compressed.ttf"; sourceTree = "<group>"; };
		F04531CC2563EEBC00BB9F17 /* Swiss 911 Extra Compressed.ttf */ = {isa = PBXFileReference; lastKnownFileType = file; path = "Swiss 911 Extra Compressed.ttf"; sourceTree = "<group>"; };
		F04F186D2564D01500F9C6CE /* TriviaGauntletStartPageViewController.swift */ = {isa = PBXFileReference; lastKnownFileType = sourcecode.swift; path = TriviaGauntletStartPageViewController.swift; sourceTree = "<group>"; };
		F05656102567408000DE26E0 /* AnswerPageViewController.swift */ = {isa = PBXFileReference; lastKnownFileType = sourcecode.swift; path = AnswerPageViewController.swift; sourceTree = "<group>"; };
		F05656152567681800DE26E0 /* TriviaGauntletGame.swift */ = {isa = PBXFileReference; lastKnownFileType = sourcecode.swift; path = TriviaGauntletGame.swift; sourceTree = "<group>"; };
		F05656232567AF6600DE26E0 /* ResultsPageViewController.swift */ = {isa = PBXFileReference; lastKnownFileType = sourcecode.swift; path = ResultsPageViewController.swift; sourceTree = "<group>"; };
		F0898FEF2565363E00593C45 /* Clue.swift */ = {isa = PBXFileReference; lastKnownFileType = sourcecode.swift; name = Clue.swift; path = "Jeopardy! The Complete Saga/Model/Clue.swift"; sourceTree = SOURCE_ROOT; };
		F0898FF42565AB7900593C45 /* GoogleService-Info.plist */ = {isa = PBXFileReference; fileEncoding = 4; lastKnownFileType = text.plist.xml; path = "GoogleService-Info.plist"; sourceTree = "<group>"; };
		F0A0382F2564848B00B9EC05 /* QuestionPageViewController.swift */ = {isa = PBXFileReference; lastKnownFileType = sourcecode.swift; path = QuestionPageViewController.swift; sourceTree = "<group>"; };
		F0A038342564A3C000B9EC05 /* ViewControllerUtility.swift */ = {isa = PBXFileReference; lastKnownFileType = sourcecode.swift; path = ViewControllerUtility.swift; sourceTree = "<group>"; };
		F0B9BC1E2565C90600581170 /* Counter.swift */ = {isa = PBXFileReference; lastKnownFileType = sourcecode.swift; path = Counter.swift; sourceTree = "<group>"; };
		F0CD94AA256675D900394412 /* ModelUtility.swift */ = {isa = PBXFileReference; lastKnownFileType = sourcecode.swift; path = ModelUtility.swift; sourceTree = "<group>"; };
		F0CD94AF25667E8600394412 /* TriviaGauntletSettings.swift */ = {isa = PBXFileReference; lastKnownFileType = sourcecode.swift; path = TriviaGauntletSettings.swift; sourceTree = "<group>"; };
		F0CD94B42566A26100394412 /* Category.swift */ = {isa = PBXFileReference; lastKnownFileType = sourcecode.swift; path = Category.swift; sourceTree = "<group>"; };
		F0CDE0482563C28B00D4170A /* Jeopardy! The Complete Saga.app */ = {isa = PBXFileReference; explicitFileType = wrapper.application; includeInIndex = 0; path = "Jeopardy! The Complete Saga.app"; sourceTree = BUILT_PRODUCTS_DIR; };
		F0CDE04B2563C28B00D4170A /* AppDelegate.swift */ = {isa = PBXFileReference; lastKnownFileType = sourcecode.swift; path = AppDelegate.swift; sourceTree = "<group>"; };
		F0CDE04D2563C28B00D4170A /* SceneDelegate.swift */ = {isa = PBXFileReference; lastKnownFileType = sourcecode.swift; path = SceneDelegate.swift; sourceTree = "<group>"; };
		F0CDE04F2563C28B00D4170A /* HomePageViewController.swift */ = {isa = PBXFileReference; lastKnownFileType = sourcecode.swift; path = HomePageViewController.swift; sourceTree = "<group>"; };
		F0CDE0522563C28B00D4170A /* Base */ = {isa = PBXFileReference; lastKnownFileType = file.storyboard; name = Base; path = Base.lproj/Main.storyboard; sourceTree = "<group>"; };
		F0CDE0542563C28E00D4170A /* Assets.xcassets */ = {isa = PBXFileReference; lastKnownFileType = folder.assetcatalog; path = Assets.xcassets; sourceTree = "<group>"; };
		F0CDE0572563C28E00D4170A /* Base */ = {isa = PBXFileReference; lastKnownFileType = file.storyboard; name = Base; path = Base.lproj/LaunchScreen.storyboard; sourceTree = "<group>"; };
		F0CDE0592563C28E00D4170A /* Info.plist */ = {isa = PBXFileReference; lastKnownFileType = text.plist.xml; path = Info.plist; sourceTree = "<group>"; };
		F0CDE05E2563C28E00D4170A /* Jeopardy! The Complete SagaTests.xctest */ = {isa = PBXFileReference; explicitFileType = wrapper.cfbundle; includeInIndex = 0; path = "Jeopardy! The Complete SagaTests.xctest"; sourceTree = BUILT_PRODUCTS_DIR; };
		F0CDE0622563C28E00D4170A /* Jeopardy__The_Complete_SagaTests.swift */ = {isa = PBXFileReference; lastKnownFileType = sourcecode.swift; path = Jeopardy__The_Complete_SagaTests.swift; sourceTree = "<group>"; };
		F0CDE0642563C28E00D4170A /* Info.plist */ = {isa = PBXFileReference; lastKnownFileType = text.plist.xml; path = Info.plist; sourceTree = "<group>"; };
		F0CDE0692563C28E00D4170A /* Jeopardy! The Complete SagaUITests.xctest */ = {isa = PBXFileReference; explicitFileType = wrapper.cfbundle; includeInIndex = 0; path = "Jeopardy! The Complete SagaUITests.xctest"; sourceTree = BUILT_PRODUCTS_DIR; };
		F0CDE06D2563C28E00D4170A /* Jeopardy__The_Complete_SagaUITests.swift */ = {isa = PBXFileReference; lastKnownFileType = sourcecode.swift; path = Jeopardy__The_Complete_SagaUITests.swift; sourceTree = "<group>"; };
		F0CDE06F2563C28E00D4170A /* Info.plist */ = {isa = PBXFileReference; lastKnownFileType = text.plist.xml; path = Info.plist; sourceTree = "<group>"; };
		F1EC6E296E178E087E34CEB2 /* Pods-Jeopardy! The Complete Saga-Jeopardy! The Complete SagaUITests.release.xcconfig */ = {isa = PBXFileReference; includeInIndex = 1; lastKnownFileType = text.xcconfig; name = "Pods-Jeopardy! The Complete Saga-Jeopardy! The Complete SagaUITests.release.xcconfig"; path = "Target Support Files/Pods-Jeopardy! The Complete Saga-Jeopardy! The Complete SagaUITests/Pods-Jeopardy! The Complete Saga-Jeopardy! The Complete SagaUITests.release.xcconfig"; sourceTree = "<group>"; };
/* End PBXFileReference section */

/* Begin PBXFrameworksBuildPhase section */
		F0CDE0452563C28B00D4170A /* Frameworks */ = {
			isa = PBXFrameworksBuildPhase;
			buildActionMask = 2147483647;
			files = (
				29BC23411770FAFFB8D6D828 /* Pods_Jeopardy__The_Complete_Saga.framework in Frameworks */,
			);
			runOnlyForDeploymentPostprocessing = 0;
		};
		F0CDE05B2563C28E00D4170A /* Frameworks */ = {
			isa = PBXFrameworksBuildPhase;
			buildActionMask = 2147483647;
			files = (
				1D9DB9FA7999D74EFF1010E9 /* Pods_Jeopardy__The_Complete_SagaTests.framework in Frameworks */,
			);
			runOnlyForDeploymentPostprocessing = 0;
		};
		F0CDE0662563C28E00D4170A /* Frameworks */ = {
			isa = PBXFrameworksBuildPhase;
			buildActionMask = 2147483647;
			files = (
				9474040CF9E660278B9DC7FB /* Pods_Jeopardy__The_Complete_Saga_Jeopardy__The_Complete_SagaUITests.framework in Frameworks */,
			);
			runOnlyForDeploymentPostprocessing = 0;
		};
/* End PBXFrameworksBuildPhase section */

/* Begin PBXGroup section */
		E3AF232536FB411005A9B8F5 /* Pods */ = {
			isa = PBXGroup;
			children = (
				E1CA1FCE8B286E083FE29EAB /* Pods-Jeopardy! The Complete Saga.debug.xcconfig */,
				3F41E9976D3993739CB11F1B /* Pods-Jeopardy! The Complete Saga.release.xcconfig */,
				445FF39A8ACC11C9520AFCC2 /* Pods-Jeopardy! The Complete Saga-Jeopardy! The Complete SagaUITests.debug.xcconfig */,
				F1EC6E296E178E087E34CEB2 /* Pods-Jeopardy! The Complete Saga-Jeopardy! The Complete SagaUITests.release.xcconfig */,
				03A25EE1ACC4E5152C200EA8 /* Pods-Jeopardy! The Complete SagaTests.debug.xcconfig */,
				C43F8B0989DC14664BF15CA7 /* Pods-Jeopardy! The Complete SagaTests.release.xcconfig */,
			);
			path = Pods;
			sourceTree = "<group>";
		};
		E92E1DBA2556E89C2DC76EC7 /* Frameworks */ = {
			isa = PBXGroup;
			children = (
				D93B309E5AFD910362C5B867 /* Pods_Jeopardy__The_Complete_Saga.framework */,
				17BCB05F6C692BE56ED33973 /* Pods_Jeopardy__The_Complete_Saga_Jeopardy__The_Complete_SagaUITests.framework */,
				EBDBBF0261A3F3BFD862C525 /* Pods_Jeopardy__The_Complete_SagaTests.framework */,
			);
			name = Frameworks;
			sourceTree = "<group>";
		};
		F04531BC2563DD2D00BB9F17 /* Fonts */ = {
			isa = PBXGroup;
			children = (
				F04531D32563EEC500BB9F17 /* Swiss 911 */,
				F04531C92563EE9600BB9F17 /* Korinna */,
				F04531C12563EE6F00BB9F17 /* Gyparody */,
			);
			path = Fonts;
			sourceTree = "<group>";
		};
		F04531C12563EE6F00BB9F17 /* Gyparody */ = {
			isa = PBXGroup;
			children = (
				F04531B52563DD0700BB9F17 /* gyparody hv.ttf */,
				F04531B62563DD0700BB9F17 /* gyparody rg.ttf */,
			);
			path = Gyparody;
			sourceTree = "<group>";
		};
		F04531C92563EE9600BB9F17 /* Korinna */ = {
			isa = PBXGroup;
			children = (
				F04531C22563EE8E00BB9F17 /* Korinna-Bold.otf */,
				F04531C32563EE8E00BB9F17 /* Korinna-Regular.otf */,
			);
			path = Korinna;
			sourceTree = "<group>";
		};
		F04531D32563EEC500BB9F17 /* Swiss 911 */ = {
			isa = PBXGroup;
			children = (
				F04531CB2563EEBC00BB9F17 /* Swiss 911 Compressed.ttf */,
				F04531CC2563EEBC00BB9F17 /* Swiss 911 Extra Compressed.ttf */,
				F04531CA2563EEBC00BB9F17 /* Swiss 911 Ultra Compressed.ttf */,
			);
			path = "Swiss 911";
			sourceTree = "<group>";
		};
		F0CDE03F2563C28B00D4170A = {
			isa = PBXGroup;
			children = (
				F0CDE04A2563C28B00D4170A /* Jeopardy! The Complete Saga */,
				F0CDE0612563C28E00D4170A /* Jeopardy! The Complete SagaTests */,
				F0CDE06C2563C28E00D4170A /* Jeopardy! The Complete SagaUITests */,
				F0CDE0492563C28B00D4170A /* Products */,
				E3AF232536FB411005A9B8F5 /* Pods */,
				E92E1DBA2556E89C2DC76EC7 /* Frameworks */,
			);
			sourceTree = "<group>";
		};
		F0CDE0492563C28B00D4170A /* Products */ = {
			isa = PBXGroup;
			children = (
				F0CDE0482563C28B00D4170A /* Jeopardy! The Complete Saga.app */,
				F0CDE05E2563C28E00D4170A /* Jeopardy! The Complete SagaTests.xctest */,
				F0CDE0692563C28E00D4170A /* Jeopardy! The Complete SagaUITests.xctest */,
			);
			name = Products;
			sourceTree = "<group>";
		};
		F0CDE04A2563C28B00D4170A /* Jeopardy! The Complete Saga */ = {
			isa = PBXGroup;
			children = (
				F0CDE0812563C46400D4170A /* Model */,
				F0CDE0822563C46B00D4170A /* View */,
				F0CDE0832563C47200D4170A /* Controller */,
				F0CDE04B2563C28B00D4170A /* AppDelegate.swift */,
				F0CDE04D2563C28B00D4170A /* SceneDelegate.swift */,
				F0CDE0562563C28E00D4170A /* LaunchScreen.storyboard */,
				F0CDE0592563C28E00D4170A /* Info.plist */,
				F0898FF42565AB7900593C45 /* GoogleService-Info.plist */,
			);
			path = "Jeopardy! The Complete Saga";
			sourceTree = "<group>";
		};
		F0CDE0612563C28E00D4170A /* Jeopardy! The Complete SagaTests */ = {
			isa = PBXGroup;
			children = (
				F0CDE0622563C28E00D4170A /* Jeopardy__The_Complete_SagaTests.swift */,
				F0CDE0642563C28E00D4170A /* Info.plist */,
			);
			path = "Jeopardy! The Complete SagaTests";
			sourceTree = "<group>";
		};
		F0CDE06C2563C28E00D4170A /* Jeopardy! The Complete SagaUITests */ = {
			isa = PBXGroup;
			children = (
				F0CDE06D2563C28E00D4170A /* Jeopardy__The_Complete_SagaUITests.swift */,
				F0CDE06F2563C28E00D4170A /* Info.plist */,
			);
			path = "Jeopardy! The Complete SagaUITests";
			sourceTree = "<group>";
		};
		F0CDE0812563C46400D4170A /* Model */ = {
			isa = PBXGroup;
			children = (
				F0CDE0542563C28E00D4170A /* Assets.xcassets */,
				F0898FEF2565363E00593C45 /* Clue.swift */,
				F010ED7B2565C0A900A74DAC /* FirestoreWrapper.swift */,
				F0CD94B42566A26100394412 /* Category.swift */,
				F0CD94AF25667E8600394412 /* TriviaGauntletSettings.swift */,
				F05656152567681800DE26E0 /* TriviaGauntletGame.swift */,
				F0CD94AA256675D900394412 /* ModelUtility.swift */,
				F0B9BC1E2565C90600581170 /* Counter.swift */,
				F04531BC2563DD2D00BB9F17 /* Fonts */,
			);
			path = Model;
			sourceTree = "<group>";
		};
		F0CDE0822563C46B00D4170A /* View */ = {
			isa = PBXGroup;
			children = (
				F0CDE0512563C28B00D4170A /* Main.storyboard */,
			);
			path = View;
			sourceTree = "<group>";
		};
		F0CDE0832563C47200D4170A /* Controller */ = {
			isa = PBXGroup;
			children = (
				F05656232567AF6600DE26E0 /* ResultsPageViewController.swift */,
				F05656102567408000DE26E0 /* AnswerPageViewController.swift */,
				F0CDE04F2563C28B00D4170A /* HomePageViewController.swift */,
				F0A0382F2564848B00B9EC05 /* QuestionPageViewController.swift */,
				F04F186D2564D01500F9C6CE /* TriviaGauntletStartPageViewController.swift */,
				F0A038342564A3C000B9EC05 /* ViewControllerUtility.swift */,
			);
			path = Controller;
			sourceTree = "<group>";
		};
/* End PBXGroup section */

/* Begin PBXNativeTarget section */
		F0CDE0472563C28B00D4170A /* Jeopardy! The Complete Saga */ = {
			isa = PBXNativeTarget;
			buildConfigurationList = F0CDE0722563C28E00D4170A /* Build configuration list for PBXNativeTarget "Jeopardy! The Complete Saga" */;
			buildPhases = (
				388077449E5F7EFD3F9A2889 /* [CP] Check Pods Manifest.lock */,
				F0CDE0442563C28B00D4170A /* Sources */,
				F0CDE0452563C28B00D4170A /* Frameworks */,
				F0CDE0462563C28B00D4170A /* Resources */,
				7A7EB0A3BC9F0436B4F8B16D /* [CP] Embed Pods Frameworks */,
			);
			buildRules = (
			);
			dependencies = (
			);
			name = "Jeopardy! The Complete Saga";
			productName = "Jeopardy! The Complete Saga";
			productReference = F0CDE0482563C28B00D4170A /* Jeopardy! The Complete Saga.app */;
			productType = "com.apple.product-type.application";
		};
		F0CDE05D2563C28E00D4170A /* Jeopardy! The Complete SagaTests */ = {
			isa = PBXNativeTarget;
			buildConfigurationList = F0CDE0752563C28E00D4170A /* Build configuration list for PBXNativeTarget "Jeopardy! The Complete SagaTests" */;
			buildPhases = (
				4E3F3741D07A84A56876B057 /* [CP] Check Pods Manifest.lock */,
				F0CDE05A2563C28E00D4170A /* Sources */,
				F0CDE05B2563C28E00D4170A /* Frameworks */,
				F0CDE05C2563C28E00D4170A /* Resources */,
			);
			buildRules = (
			);
			dependencies = (
				F0CDE0602563C28E00D4170A /* PBXTargetDependency */,
			);
			name = "Jeopardy! The Complete SagaTests";
			productName = "Jeopardy! The Complete SagaTests";
			productReference = F0CDE05E2563C28E00D4170A /* Jeopardy! The Complete SagaTests.xctest */;
			productType = "com.apple.product-type.bundle.unit-test";
		};
		F0CDE0682563C28E00D4170A /* Jeopardy! The Complete SagaUITests */ = {
			isa = PBXNativeTarget;
			buildConfigurationList = F0CDE0782563C28E00D4170A /* Build configuration list for PBXNativeTarget "Jeopardy! The Complete SagaUITests" */;
			buildPhases = (
				C7567362B8ACCBD387B88283 /* [CP] Check Pods Manifest.lock */,
				F0CDE0652563C28E00D4170A /* Sources */,
				F0CDE0662563C28E00D4170A /* Frameworks */,
				F0CDE0672563C28E00D4170A /* Resources */,
				E5DAC76E0C2575C1EB850E1F /* [CP] Embed Pods Frameworks */,
			);
			buildRules = (
			);
			dependencies = (
				F0CDE06B2563C28E00D4170A /* PBXTargetDependency */,
			);
			name = "Jeopardy! The Complete SagaUITests";
			productName = "Jeopardy! The Complete SagaUITests";
			productReference = F0CDE0692563C28E00D4170A /* Jeopardy! The Complete SagaUITests.xctest */;
			productType = "com.apple.product-type.bundle.ui-testing";
		};
/* End PBXNativeTarget section */

/* Begin PBXProject section */
		F0CDE0402563C28B00D4170A /* Project object */ = {
			isa = PBXProject;
			attributes = {
				LastSwiftUpdateCheck = 1210;
				LastUpgradeCheck = 1210;
				TargetAttributes = {
					F0CDE0472563C28B00D4170A = {
						CreatedOnToolsVersion = 12.1;
					};
					F0CDE05D2563C28E00D4170A = {
						CreatedOnToolsVersion = 12.1;
						TestTargetID = F0CDE0472563C28B00D4170A;
					};
					F0CDE0682563C28E00D4170A = {
						CreatedOnToolsVersion = 12.1;
						TestTargetID = F0CDE0472563C28B00D4170A;
					};
				};
			};
			buildConfigurationList = F0CDE0432563C28B00D4170A /* Build configuration list for PBXProject "Jeopardy! The Complete Saga" */;
			compatibilityVersion = "Xcode 9.3";
			developmentRegion = en;
			hasScannedForEncodings = 0;
			knownRegions = (
				en,
				Base,
			);
			mainGroup = F0CDE03F2563C28B00D4170A;
			productRefGroup = F0CDE0492563C28B00D4170A /* Products */;
			projectDirPath = "";
			projectRoot = "";
			targets = (
				F0CDE0472563C28B00D4170A /* Jeopardy! The Complete Saga */,
				F0CDE05D2563C28E00D4170A /* Jeopardy! The Complete SagaTests */,
				F0CDE0682563C28E00D4170A /* Jeopardy! The Complete SagaUITests */,
			);
		};
/* End PBXProject section */

/* Begin PBXResourcesBuildPhase section */
		F0CDE0462563C28B00D4170A /* Resources */ = {
			isa = PBXResourcesBuildPhase;
			buildActionMask = 2147483647;
			files = (
				F04531B82563DD0700BB9F17 /* gyparody rg.ttf in Resources */,
				F04531B72563DD0700BB9F17 /* gyparody hv.ttf in Resources */,
				F04531CE2563EEBC00BB9F17 /* Swiss 911 Compressed.ttf in Resources */,
				F0CDE0582563C28E00D4170A /* LaunchScreen.storyboard in Resources */,
				F04531CD2563EEBC00BB9F17 /* Swiss 911 Ultra Compressed.ttf in Resources */,
				F04531CF2563EEBC00BB9F17 /* Swiss 911 Extra Compressed.ttf in Resources */,
				F04531C42563EE8E00BB9F17 /* Korinna-Bold.otf in Resources */,
				F0CDE0552563C28E00D4170A /* Assets.xcassets in Resources */,
				F0898FF52565AB7900593C45 /* GoogleService-Info.plist in Resources */,
				F04531C52563EE8E00BB9F17 /* Korinna-Regular.otf in Resources */,
				F0CDE0532563C28B00D4170A /* Main.storyboard in Resources */,
			);
			runOnlyForDeploymentPostprocessing = 0;
		};
		F0CDE05C2563C28E00D4170A /* Resources */ = {
			isa = PBXResourcesBuildPhase;
			buildActionMask = 2147483647;
			files = (
				F0898FF62565AB7900593C45 /* GoogleService-Info.plist in Resources */,
			);
			runOnlyForDeploymentPostprocessing = 0;
		};
		F0CDE0672563C28E00D4170A /* Resources */ = {
			isa = PBXResourcesBuildPhase;
			buildActionMask = 2147483647;
			files = (
				F0898FF72565AB7900593C45 /* GoogleService-Info.plist in Resources */,
			);
			runOnlyForDeploymentPostprocessing = 0;
		};
/* End PBXResourcesBuildPhase section */

/* Begin PBXShellScriptBuildPhase section */
		388077449E5F7EFD3F9A2889 /* [CP] Check Pods Manifest.lock */ = {
			isa = PBXShellScriptBuildPhase;
			buildActionMask = 2147483647;
			files = (
			);
			inputFileListPaths = (
			);
			inputPaths = (
				"${PODS_PODFILE_DIR_PATH}/Podfile.lock",
				"${PODS_ROOT}/Manifest.lock",
			);
			name = "[CP] Check Pods Manifest.lock";
			outputFileListPaths = (
			);
			outputPaths = (
				"$(DERIVED_FILE_DIR)/Pods-Jeopardy! The Complete Saga-checkManifestLockResult.txt",
			);
			runOnlyForDeploymentPostprocessing = 0;
			shellPath = /bin/sh;
			shellScript = "diff \"${PODS_PODFILE_DIR_PATH}/Podfile.lock\" \"${PODS_ROOT}/Manifest.lock\" > /dev/null\nif [ $? != 0 ] ; then\n    # print error to STDERR\n    echo \"error: The sandbox is not in sync with the Podfile.lock. Run 'pod install' or update your CocoaPods installation.\" >&2\n    exit 1\nfi\n# This output is used by Xcode 'outputs' to avoid re-running this script phase.\necho \"SUCCESS\" > \"${SCRIPT_OUTPUT_FILE_0}\"\n";
			showEnvVarsInLog = 0;
		};
		4E3F3741D07A84A56876B057 /* [CP] Check Pods Manifest.lock */ = {
			isa = PBXShellScriptBuildPhase;
			buildActionMask = 2147483647;
			files = (
			);
			inputFileListPaths = (
			);
			inputPaths = (
				"${PODS_PODFILE_DIR_PATH}/Podfile.lock",
				"${PODS_ROOT}/Manifest.lock",
			);
			name = "[CP] Check Pods Manifest.lock";
			outputFileListPaths = (
			);
			outputPaths = (
				"$(DERIVED_FILE_DIR)/Pods-Jeopardy! The Complete SagaTests-checkManifestLockResult.txt",
			);
			runOnlyForDeploymentPostprocessing = 0;
			shellPath = /bin/sh;
			shellScript = "diff \"${PODS_PODFILE_DIR_PATH}/Podfile.lock\" \"${PODS_ROOT}/Manifest.lock\" > /dev/null\nif [ $? != 0 ] ; then\n    # print error to STDERR\n    echo \"error: The sandbox is not in sync with the Podfile.lock. Run 'pod install' or update your CocoaPods installation.\" >&2\n    exit 1\nfi\n# This output is used by Xcode 'outputs' to avoid re-running this script phase.\necho \"SUCCESS\" > \"${SCRIPT_OUTPUT_FILE_0}\"\n";
			showEnvVarsInLog = 0;
		};
		7A7EB0A3BC9F0436B4F8B16D /* [CP] Embed Pods Frameworks */ = {
			isa = PBXShellScriptBuildPhase;
			buildActionMask = 2147483647;
			files = (
			);
			inputFileListPaths = (
				"${PODS_ROOT}/Target Support Files/Pods-Jeopardy! The Complete Saga/Pods-Jeopardy! The Complete Saga-frameworks-${CONFIGURATION}-input-files.xcfilelist",
			);
			name = "[CP] Embed Pods Frameworks";
			outputFileListPaths = (
				"${PODS_ROOT}/Target Support Files/Pods-Jeopardy! The Complete Saga/Pods-Jeopardy! The Complete Saga-frameworks-${CONFIGURATION}-output-files.xcfilelist",
			);
			runOnlyForDeploymentPostprocessing = 0;
			shellPath = /bin/sh;
			shellScript = "\"${PODS_ROOT}/Target Support Files/Pods-Jeopardy! The Complete Saga/Pods-Jeopardy! The Complete Saga-frameworks.sh\"\n";
			showEnvVarsInLog = 0;
		};
		C7567362B8ACCBD387B88283 /* [CP] Check Pods Manifest.lock */ = {
			isa = PBXShellScriptBuildPhase;
			buildActionMask = 2147483647;
			files = (
			);
			inputFileListPaths = (
			);
			inputPaths = (
				"${PODS_PODFILE_DIR_PATH}/Podfile.lock",
				"${PODS_ROOT}/Manifest.lock",
			);
			name = "[CP] Check Pods Manifest.lock";
			outputFileListPaths = (
			);
			outputPaths = (
				"$(DERIVED_FILE_DIR)/Pods-Jeopardy! The Complete Saga-Jeopardy! The Complete SagaUITests-checkManifestLockResult.txt",
			);
			runOnlyForDeploymentPostprocessing = 0;
			shellPath = /bin/sh;
			shellScript = "diff \"${PODS_PODFILE_DIR_PATH}/Podfile.lock\" \"${PODS_ROOT}/Manifest.lock\" > /dev/null\nif [ $? != 0 ] ; then\n    # print error to STDERR\n    echo \"error: The sandbox is not in sync with the Podfile.lock. Run 'pod install' or update your CocoaPods installation.\" >&2\n    exit 1\nfi\n# This output is used by Xcode 'outputs' to avoid re-running this script phase.\necho \"SUCCESS\" > \"${SCRIPT_OUTPUT_FILE_0}\"\n";
			showEnvVarsInLog = 0;
		};
		E5DAC76E0C2575C1EB850E1F /* [CP] Embed Pods Frameworks */ = {
			isa = PBXShellScriptBuildPhase;
			buildActionMask = 2147483647;
			files = (
			);
			inputFileListPaths = (
				"${PODS_ROOT}/Target Support Files/Pods-Jeopardy! The Complete Saga-Jeopardy! The Complete SagaUITests/Pods-Jeopardy! The Complete Saga-Jeopardy! The Complete SagaUITests-frameworks-${CONFIGURATION}-input-files.xcfilelist",
			);
			name = "[CP] Embed Pods Frameworks";
			outputFileListPaths = (
				"${PODS_ROOT}/Target Support Files/Pods-Jeopardy! The Complete Saga-Jeopardy! The Complete SagaUITests/Pods-Jeopardy! The Complete Saga-Jeopardy! The Complete SagaUITests-frameworks-${CONFIGURATION}-output-files.xcfilelist",
			);
			runOnlyForDeploymentPostprocessing = 0;
			shellPath = /bin/sh;
			shellScript = "\"${PODS_ROOT}/Target Support Files/Pods-Jeopardy! The Complete Saga-Jeopardy! The Complete SagaUITests/Pods-Jeopardy! The Complete Saga-Jeopardy! The Complete SagaUITests-frameworks.sh\"\n";
			showEnvVarsInLog = 0;
		};
/* End PBXShellScriptBuildPhase section */

/* Begin PBXSourcesBuildPhase section */
		F0CDE0442563C28B00D4170A /* Sources */ = {
			isa = PBXSourcesBuildPhase;
			buildActionMask = 2147483647;
			files = (
				F0A038352564A3C000B9EC05 /* ViewControllerUtility.swift in Sources */,
				F0898FF02565363E00593C45 /* Clue.swift in Sources */,
				F010ED7C2565C0A900A74DAC /* FirestoreWrapper.swift in Sources */,
				F04F186E2564D01500F9C6CE /* TriviaGauntletStartPageViewController.swift in Sources */,
				F05656242567AF6600DE26E0 /* ResultsPageViewController.swift in Sources */,
				F05656162567681800DE26E0 /* TriviaGauntletGame.swift in Sources */,
				F0CD94AB256675D900394412 /* ModelUtility.swift in Sources */,
				F05656112567408000DE26E0 /* AnswerPageViewController.swift in Sources */,
				F0CD94B025667E8600394412 /* TriviaGauntletSettings.swift in Sources */,
				F0CDE0502563C28B00D4170A /* HomePageViewController.swift in Sources */,
				F0B9BC1F2565C90600581170 /* Counter.swift in Sources */,
				F0CDE04C2563C28B00D4170A /* AppDelegate.swift in Sources */,
				F0A038302564848B00B9EC05 /* QuestionPageViewController.swift in Sources */,
				F0CDE04E2563C28B00D4170A /* SceneDelegate.swift in Sources */,
				F0CD94B52566A26100394412 /* Category.swift in Sources */,
			);
			runOnlyForDeploymentPostprocessing = 0;
		};
		F0CDE05A2563C28E00D4170A /* Sources */ = {
			isa = PBXSourcesBuildPhase;
			buildActionMask = 2147483647;
			files = (
				F0CDE0632563C28E00D4170A /* Jeopardy__The_Complete_SagaTests.swift in Sources */,
			);
			runOnlyForDeploymentPostprocessing = 0;
		};
		F0CDE0652563C28E00D4170A /* Sources */ = {
			isa = PBXSourcesBuildPhase;
			buildActionMask = 2147483647;
			files = (
				F0CDE06E2563C28E00D4170A /* Jeopardy__The_Complete_SagaUITests.swift in Sources */,
			);
			runOnlyForDeploymentPostprocessing = 0;
		};
/* End PBXSourcesBuildPhase section */

/* Begin PBXTargetDependency section */
		F0CDE0602563C28E00D4170A /* PBXTargetDependency */ = {
			isa = PBXTargetDependency;
			target = F0CDE0472563C28B00D4170A /* Jeopardy! The Complete Saga */;
			targetProxy = F0CDE05F2563C28E00D4170A /* PBXContainerItemProxy */;
		};
		F0CDE06B2563C28E00D4170A /* PBXTargetDependency */ = {
			isa = PBXTargetDependency;
			target = F0CDE0472563C28B00D4170A /* Jeopardy! The Complete Saga */;
			targetProxy = F0CDE06A2563C28E00D4170A /* PBXContainerItemProxy */;
		};
/* End PBXTargetDependency section */

/* Begin PBXVariantGroup section */
		F0CDE0512563C28B00D4170A /* Main.storyboard */ = {
			isa = PBXVariantGroup;
			children = (
				F0CDE0522563C28B00D4170A /* Base */,
			);
			name = Main.storyboard;
			sourceTree = "<group>";
		};
		F0CDE0562563C28E00D4170A /* LaunchScreen.storyboard */ = {
			isa = PBXVariantGroup;
			children = (
				F0CDE0572563C28E00D4170A /* Base */,
			);
			name = LaunchScreen.storyboard;
			sourceTree = "<group>";
		};
/* End PBXVariantGroup section */

/* Begin XCBuildConfiguration section */
		F0CDE0702563C28E00D4170A /* Debug */ = {
			isa = XCBuildConfiguration;
			buildSettings = {
				ALWAYS_SEARCH_USER_PATHS = NO;
				CLANG_ANALYZER_NONNULL = YES;
				CLANG_ANALYZER_NUMBER_OBJECT_CONVERSION = YES_AGGRESSIVE;
				CLANG_CXX_LANGUAGE_STANDARD = "gnu++14";
				CLANG_CXX_LIBRARY = "libc++";
				CLANG_ENABLE_MODULES = YES;
				CLANG_ENABLE_OBJC_ARC = YES;
				CLANG_ENABLE_OBJC_WEAK = YES;
				CLANG_WARN_BLOCK_CAPTURE_AUTORELEASING = YES;
				CLANG_WARN_BOOL_CONVERSION = YES;
				CLANG_WARN_COMMA = YES;
				CLANG_WARN_CONSTANT_CONVERSION = YES;
				CLANG_WARN_DEPRECATED_OBJC_IMPLEMENTATIONS = YES;
				CLANG_WARN_DIRECT_OBJC_ISA_USAGE = YES_ERROR;
				CLANG_WARN_DOCUMENTATION_COMMENTS = YES;
				CLANG_WARN_EMPTY_BODY = YES;
				CLANG_WARN_ENUM_CONVERSION = YES;
				CLANG_WARN_INFINITE_RECURSION = YES;
				CLANG_WARN_INT_CONVERSION = YES;
				CLANG_WARN_NON_LITERAL_NULL_CONVERSION = YES;
				CLANG_WARN_OBJC_IMPLICIT_RETAIN_SELF = YES;
				CLANG_WARN_OBJC_LITERAL_CONVERSION = YES;
				CLANG_WARN_OBJC_ROOT_CLASS = YES_ERROR;
				CLANG_WARN_QUOTED_INCLUDE_IN_FRAMEWORK_HEADER = YES;
				CLANG_WARN_RANGE_LOOP_ANALYSIS = YES;
				CLANG_WARN_STRICT_PROTOTYPES = YES;
				CLANG_WARN_SUSPICIOUS_MOVE = YES;
				CLANG_WARN_UNGUARDED_AVAILABILITY = YES_AGGRESSIVE;
				CLANG_WARN_UNREACHABLE_CODE = YES;
				CLANG_WARN__DUPLICATE_METHOD_MATCH = YES;
				COPY_PHASE_STRIP = NO;
				DEBUG_INFORMATION_FORMAT = dwarf;
				ENABLE_STRICT_OBJC_MSGSEND = YES;
				ENABLE_TESTABILITY = YES;
				GCC_C_LANGUAGE_STANDARD = gnu11;
				GCC_DYNAMIC_NO_PIC = NO;
				GCC_NO_COMMON_BLOCKS = YES;
				GCC_OPTIMIZATION_LEVEL = 0;
				GCC_PREPROCESSOR_DEFINITIONS = (
					"DEBUG=1",
					"$(inherited)",
				);
				GCC_WARN_64_TO_32_BIT_CONVERSION = YES;
				GCC_WARN_ABOUT_RETURN_TYPE = YES_ERROR;
				GCC_WARN_UNDECLARED_SELECTOR = YES;
				GCC_WARN_UNINITIALIZED_AUTOS = YES_AGGRESSIVE;
				GCC_WARN_UNUSED_FUNCTION = YES;
				GCC_WARN_UNUSED_VARIABLE = YES;
				IPHONEOS_DEPLOYMENT_TARGET = 14.1;
				MTL_ENABLE_DEBUG_INFO = INCLUDE_SOURCE;
				MTL_FAST_MATH = YES;
				ONLY_ACTIVE_ARCH = YES;
				SDKROOT = iphoneos;
				SWIFT_ACTIVE_COMPILATION_CONDITIONS = DEBUG;
				SWIFT_OPTIMIZATION_LEVEL = "-Onone";
			};
			name = Debug;
		};
		F0CDE0712563C28E00D4170A /* Release */ = {
			isa = XCBuildConfiguration;
			buildSettings = {
				ALWAYS_SEARCH_USER_PATHS = NO;
				CLANG_ANALYZER_NONNULL = YES;
				CLANG_ANALYZER_NUMBER_OBJECT_CONVERSION = YES_AGGRESSIVE;
				CLANG_CXX_LANGUAGE_STANDARD = "gnu++14";
				CLANG_CXX_LIBRARY = "libc++";
				CLANG_ENABLE_MODULES = YES;
				CLANG_ENABLE_OBJC_ARC = YES;
				CLANG_ENABLE_OBJC_WEAK = YES;
				CLANG_WARN_BLOCK_CAPTURE_AUTORELEASING = YES;
				CLANG_WARN_BOOL_CONVERSION = YES;
				CLANG_WARN_COMMA = YES;
				CLANG_WARN_CONSTANT_CONVERSION = YES;
				CLANG_WARN_DEPRECATED_OBJC_IMPLEMENTATIONS = YES;
				CLANG_WARN_DIRECT_OBJC_ISA_USAGE = YES_ERROR;
				CLANG_WARN_DOCUMENTATION_COMMENTS = YES;
				CLANG_WARN_EMPTY_BODY = YES;
				CLANG_WARN_ENUM_CONVERSION = YES;
				CLANG_WARN_INFINITE_RECURSION = YES;
				CLANG_WARN_INT_CONVERSION = YES;
				CLANG_WARN_NON_LITERAL_NULL_CONVERSION = YES;
				CLANG_WARN_OBJC_IMPLICIT_RETAIN_SELF = YES;
				CLANG_WARN_OBJC_LITERAL_CONVERSION = YES;
				CLANG_WARN_OBJC_ROOT_CLASS = YES_ERROR;
				CLANG_WARN_QUOTED_INCLUDE_IN_FRAMEWORK_HEADER = YES;
				CLANG_WARN_RANGE_LOOP_ANALYSIS = YES;
				CLANG_WARN_STRICT_PROTOTYPES = YES;
				CLANG_WARN_SUSPICIOUS_MOVE = YES;
				CLANG_WARN_UNGUARDED_AVAILABILITY = YES_AGGRESSIVE;
				CLANG_WARN_UNREACHABLE_CODE = YES;
				CLANG_WARN__DUPLICATE_METHOD_MATCH = YES;
				COPY_PHASE_STRIP = NO;
				DEBUG_INFORMATION_FORMAT = "dwarf-with-dsym";
				ENABLE_NS_ASSERTIONS = NO;
				ENABLE_STRICT_OBJC_MSGSEND = YES;
				GCC_C_LANGUAGE_STANDARD = gnu11;
				GCC_NO_COMMON_BLOCKS = YES;
				GCC_WARN_64_TO_32_BIT_CONVERSION = YES;
				GCC_WARN_ABOUT_RETURN_TYPE = YES_ERROR;
				GCC_WARN_UNDECLARED_SELECTOR = YES;
				GCC_WARN_UNINITIALIZED_AUTOS = YES_AGGRESSIVE;
				GCC_WARN_UNUSED_FUNCTION = YES;
				GCC_WARN_UNUSED_VARIABLE = YES;
				IPHONEOS_DEPLOYMENT_TARGET = 14.1;
				MTL_ENABLE_DEBUG_INFO = NO;
				MTL_FAST_MATH = YES;
				SDKROOT = iphoneos;
				SWIFT_COMPILATION_MODE = wholemodule;
				SWIFT_OPTIMIZATION_LEVEL = "-O";
				VALIDATE_PRODUCT = YES;
			};
			name = Release;
		};
		F0CDE0732563C28E00D4170A /* Debug */ = {
			isa = XCBuildConfiguration;
			baseConfigurationReference = E1CA1FCE8B286E083FE29EAB /* Pods-Jeopardy! The Complete Saga.debug.xcconfig */;
			buildSettings = {
				ASSETCATALOG_COMPILER_APPICON_NAME = AppIcon;
				ASSETCATALOG_COMPILER_GLOBAL_ACCENT_COLOR_NAME = AccentColor;
				CODE_SIGN_STYLE = Automatic;
				INFOPLIST_FILE = "Jeopardy! The Complete Saga/Info.plist";
				IPHONEOS_DEPLOYMENT_TARGET = 14.1;
				LD_RUNPATH_SEARCH_PATHS = (
					"$(inherited)",
					"@executable_path/Frameworks",
				);
				PRODUCT_BUNDLE_IDENTIFIER = "edu.usc.pachauri.Jeopardy--The-Complete-Saga";
				PRODUCT_NAME = "$(TARGET_NAME)";
				SWIFT_VERSION = 5.0;
				TARGETED_DEVICE_FAMILY = "1,2";
			};
			name = Debug;
		};
		F0CDE0742563C28E00D4170A /* Release */ = {
			isa = XCBuildConfiguration;
			baseConfigurationReference = 3F41E9976D3993739CB11F1B /* Pods-Jeopardy! The Complete Saga.release.xcconfig */;
			buildSettings = {
				ASSETCATALOG_COMPILER_APPICON_NAME = AppIcon;
				ASSETCATALOG_COMPILER_GLOBAL_ACCENT_COLOR_NAME = AccentColor;
				CODE_SIGN_STYLE = Automatic;
				INFOPLIST_FILE = "Jeopardy! The Complete Saga/Info.plist";
				IPHONEOS_DEPLOYMENT_TARGET = 14.1;
				LD_RUNPATH_SEARCH_PATHS = (
					"$(inherited)",
					"@executable_path/Frameworks",
				);
				PRODUCT_BUNDLE_IDENTIFIER = "edu.usc.pachauri.Jeopardy--The-Complete-Saga";
				PRODUCT_NAME = "$(TARGET_NAME)";
				SWIFT_VERSION = 5.0;
				TARGETED_DEVICE_FAMILY = "1,2";
			};
			name = Release;
		};
		F0CDE0762563C28E00D4170A /* Debug */ = {
			isa = XCBuildConfiguration;
			baseConfigurationReference = 03A25EE1ACC4E5152C200EA8 /* Pods-Jeopardy! The Complete SagaTests.debug.xcconfig */;
			buildSettings = {
				ALWAYS_EMBED_SWIFT_STANDARD_LIBRARIES = YES;
				BUNDLE_LOADER = "$(TEST_HOST)";
				CODE_SIGN_STYLE = Automatic;
				INFOPLIST_FILE = "Jeopardy! The Complete SagaTests/Info.plist";
				IPHONEOS_DEPLOYMENT_TARGET = 14.1;
				LD_RUNPATH_SEARCH_PATHS = (
					"$(inherited)",
					"@executable_path/Frameworks",
					"@loader_path/Frameworks",
				);
				PRODUCT_BUNDLE_IDENTIFIER = "edu.usc.pachauri.Jeopardy--The-Complete-SagaTests";
				PRODUCT_NAME = "$(TARGET_NAME)";
				SWIFT_VERSION = 5.0;
				TARGETED_DEVICE_FAMILY = "1,2";
				TEST_HOST = "$(BUILT_PRODUCTS_DIR)/Jeopardy! The Complete Saga.app/Jeopardy! The Complete Saga";
			};
			name = Debug;
		};
		F0CDE0772563C28E00D4170A /* Release */ = {
			isa = XCBuildConfiguration;
			baseConfigurationReference = C43F8B0989DC14664BF15CA7 /* Pods-Jeopardy! The Complete SagaTests.release.xcconfig */;
			buildSettings = {
				ALWAYS_EMBED_SWIFT_STANDARD_LIBRARIES = YES;
				BUNDLE_LOADER = "$(TEST_HOST)";
				CODE_SIGN_STYLE = Automatic;
				INFOPLIST_FILE = "Jeopardy! The Complete SagaTests/Info.plist";
				IPHONEOS_DEPLOYMENT_TARGET = 14.1;
				LD_RUNPATH_SEARCH_PATHS = (
					"$(inherited)",
					"@executable_path/Frameworks",
					"@loader_path/Frameworks",
				);
				PRODUCT_BUNDLE_IDENTIFIER = "edu.usc.pachauri.Jeopardy--The-Complete-SagaTests";
				PRODUCT_NAME = "$(TARGET_NAME)";
				SWIFT_VERSION = 5.0;
				TARGETED_DEVICE_FAMILY = "1,2";
				TEST_HOST = "$(BUILT_PRODUCTS_DIR)/Jeopardy! The Complete Saga.app/Jeopardy! The Complete Saga";
			};
			name = Release;
		};
		F0CDE0792563C28E00D4170A /* Debug */ = {
			isa = XCBuildConfiguration;
			baseConfigurationReference = 445FF39A8ACC11C9520AFCC2 /* Pods-Jeopardy! The Complete Saga-Jeopardy! The Complete SagaUITests.debug.xcconfig */;
			buildSettings = {
				ALWAYS_EMBED_SWIFT_STANDARD_LIBRARIES = YES;
				CODE_SIGN_STYLE = Automatic;
				INFOPLIST_FILE = "Jeopardy! The Complete SagaUITests/Info.plist";
				LD_RUNPATH_SEARCH_PATHS = (
					"$(inherited)",
					"@executable_path/Frameworks",
					"@loader_path/Frameworks",
				);
				PRODUCT_BUNDLE_IDENTIFIER = "edu.usc.pachauri.Jeopardy--The-Complete-SagaUITests";
				PRODUCT_NAME = "$(TARGET_NAME)";
				SWIFT_VERSION = 5.0;
				TARGETED_DEVICE_FAMILY = "1,2";
				TEST_TARGET_NAME = "Jeopardy! The Complete Saga";
			};
			name = Debug;
		};
		F0CDE07A2563C28E00D4170A /* Release */ = {
			isa = XCBuildConfiguration;
			baseConfigurationReference = F1EC6E296E178E087E34CEB2 /* Pods-Jeopardy! The Complete Saga-Jeopardy! The Complete SagaUITests.release.xcconfig */;
			buildSettings = {
				ALWAYS_EMBED_SWIFT_STANDARD_LIBRARIES = YES;
				CODE_SIGN_STYLE = Automatic;
				INFOPLIST_FILE = "Jeopardy! The Complete SagaUITests/Info.plist";
				LD_RUNPATH_SEARCH_PATHS = (
					"$(inherited)",
					"@executable_path/Frameworks",
					"@loader_path/Frameworks",
				);
				PRODUCT_BUNDLE_IDENTIFIER = "edu.usc.pachauri.Jeopardy--The-Complete-SagaUITests";
				PRODUCT_NAME = "$(TARGET_NAME)";
				SWIFT_VERSION = 5.0;
				TARGETED_DEVICE_FAMILY = "1,2";
				TEST_TARGET_NAME = "Jeopardy! The Complete Saga";
			};
			name = Release;
		};
/* End XCBuildConfiguration section */

/* Begin XCConfigurationList section */
		F0CDE0432563C28B00D4170A /* Build configuration list for PBXProject "Jeopardy! The Complete Saga" */ = {
			isa = XCConfigurationList;
			buildConfigurations = (
				F0CDE0702563C28E00D4170A /* Debug */,
				F0CDE0712563C28E00D4170A /* Release */,
			);
			defaultConfigurationIsVisible = 0;
			defaultConfigurationName = Release;
		};
		F0CDE0722563C28E00D4170A /* Build configuration list for PBXNativeTarget "Jeopardy! The Complete Saga" */ = {
			isa = XCConfigurationList;
			buildConfigurations = (
				F0CDE0732563C28E00D4170A /* Debug */,
				F0CDE0742563C28E00D4170A /* Release */,
			);
			defaultConfigurationIsVisible = 0;
			defaultConfigurationName = Release;
		};
		F0CDE0752563C28E00D4170A /* Build configuration list for PBXNativeTarget "Jeopardy! The Complete SagaTests" */ = {
			isa = XCConfigurationList;
			buildConfigurations = (
				F0CDE0762563C28E00D4170A /* Debug */,
				F0CDE0772563C28E00D4170A /* Release */,
			);
			defaultConfigurationIsVisible = 0;
			defaultConfigurationName = Release;
		};
		F0CDE0782563C28E00D4170A /* Build configuration list for PBXNativeTarget "Jeopardy! The Complete SagaUITests" */ = {
			isa = XCConfigurationList;
			buildConfigurations = (
				F0CDE0792563C28E00D4170A /* Debug */,
				F0CDE07A2563C28E00D4170A /* Release */,
			);
			defaultConfigurationIsVisible = 0;
			defaultConfigurationName = Release;
		};
/* End XCConfigurationList section */
	};
	rootObject = F0CDE0402563C28B00D4170A /* Project object */;
}
